
Microsoft Visual Studio Solution File, Format Version 12.00
# Visual Studio 15
VisualStudioVersion = 15.0.26124.0
MinimumVisualStudioVersion = 15.0.26124.0
Project("{FAE04EC0-301F-11D3-BF4B-00C04F79EFBC}") = "PickEm.Web", "PickEm.Web\PickEm.Web.csproj", "{7727C106-EB0A-4D2D-8978-72CE84DE4A6D}"
EndProject
Project("{FAE04EC0-301F-11D3-BF4B-00C04F79EFBC}") = "PickEm.Tests", "PickEm.Tests\PickEm.Tests.csproj", "{3D96EE08-DF97-4BFD-9AA2-248E33F4E5D1}"
EndProject
Project("{FAE04EC0-301F-11D3-BF4B-00C04F79EFBC}") = "PickEm.Common", "PickEm.Common\PickEm.Common.csproj", "{B23A80D3-693B-4DE0-9A2D-21F41C5E257F}"
EndProject
Global
	GlobalSection(SolutionConfigurationPlatforms) = preSolution
		Debug|Any CPU = Debug|Any CPU
		Debug|x64 = Debug|x64
		Debug|x86 = Debug|x86
		Release|Any CPU = Release|Any CPU
		Release|x64 = Release|x64
		Release|x86 = Release|x86
	EndGlobalSection
	GlobalSection(SolutionProperties) = preSolution
		HideSolutionNode = FALSE
	EndGlobalSection
	GlobalSection(ProjectConfigurationPlatforms) = postSolution
		{7727C106-EB0A-4D2D-8978-72CE84DE4A6D}.Debug|Any CPU.ActiveCfg = Debug|Any CPU
		{7727C106-EB0A-4D2D-8978-72CE84DE4A6D}.Debug|Any CPU.Build.0 = Debug|Any CPU
		{7727C106-EB0A-4D2D-8978-72CE84DE4A6D}.Debug|x64.ActiveCfg = Debug|Any CPU
		{7727C106-EB0A-4D2D-8978-72CE84DE4A6D}.Debug|x64.Build.0 = Debug|Any CPU
		{7727C106-EB0A-4D2D-8978-72CE84DE4A6D}.Debug|x86.ActiveCfg = Debug|Any CPU
		{7727C106-EB0A-4D2D-8978-72CE84DE4A6D}.Debug|x86.Build.0 = Debug|Any CPU
		{7727C106-EB0A-4D2D-8978-72CE84DE4A6D}.Release|Any CPU.ActiveCfg = Release|Any CPU
		{7727C106-EB0A-4D2D-8978-72CE84DE4A6D}.Release|Any CPU.Build.0 = Release|Any CPU
		{7727C106-EB0A-4D2D-8978-72CE84DE4A6D}.Release|x64.ActiveCfg = Release|Any CPU
		{7727C106-EB0A-4D2D-8978-72CE84DE4A6D}.Release|x64.Build.0 = Release|Any CPU
		{7727C106-EB0A-4D2D-8978-72CE84DE4A6D}.Release|x86.ActiveCfg = Release|Any CPU
		{7727C106-EB0A-4D2D-8978-72CE84DE4A6D}.Release|x86.Build.0 = Release|Any CPU
		{3D96EE08-DF97-4BFD-9AA2-248E33F4E5D1}.Debug|Any CPU.ActiveCfg = Debug|Any CPU
		{3D96EE08-DF97-4BFD-9AA2-248E33F4E5D1}.Debug|Any CPU.Build.0 = Debug|Any CPU
		{3D96EE08-DF97-4BFD-9AA2-248E33F4E5D1}.Debug|x64.ActiveCfg = Debug|Any CPU
		{3D96EE08-DF97-4BFD-9AA2-248E33F4E5D1}.Debug|x64.Build.0 = Debug|Any CPU
		{3D96EE08-DF97-4BFD-9AA2-248E33F4E5D1}.Debug|x86.ActiveCfg = Debug|Any CPU
		{3D96EE08-DF97-4BFD-9AA2-248E33F4E5D1}.Debug|x86.Build.0 = Debug|Any CPU
		{3D96EE08-DF97-4BFD-9AA2-248E33F4E5D1}.Release|Any CPU.ActiveCfg = Release|Any CPU
		{3D96EE08-DF97-4BFD-9AA2-248E33F4E5D1}.Release|Any CPU.Build.0 = Release|Any CPU
		{3D96EE08-DF97-4BFD-9AA2-248E33F4E5D1}.Release|x64.ActiveCfg = Release|Any CPU
		{3D96EE08-DF97-4BFD-9AA2-248E33F4E5D1}.Release|x64.Build.0 = Release|Any CPU
		{3D96EE08-DF97-4BFD-9AA2-248E33F4E5D1}.Release|x86.ActiveCfg = Release|Any CPU
		{3D96EE08-DF97-4BFD-9AA2-248E33F4E5D1}.Release|x86.Build.0 = Release|Any CPU
		{B23A80D3-693B-4DE0-9A2D-21F41C5E257F}.Debug|Any CPU.ActiveCfg = Debug|Any CPU
		{B23A80D3-693B-4DE0-9A2D-21F41C5E257F}.Debug|Any CPU.Build.0 = Debug|Any CPU
		{B23A80D3-693B-4DE0-9A2D-21F41C5E257F}.Debug|x64.ActiveCfg = Debug|Any CPU
		{B23A80D3-693B-4DE0-9A2D-21F41C5E257F}.Debug|x64.Build.0 = Debug|Any CPU
		{B23A80D3-693B-4DE0-9A2D-21F41C5E257F}.Debug|x86.ActiveCfg = Debug|Any CPU
		{B23A80D3-693B-4DE0-9A2D-21F41C5E257F}.Debug|x86.Build.0 = Debug|Any CPU
		{B23A80D3-693B-4DE0-9A2D-21F41C5E257F}.Release|Any CPU.ActiveCfg = Release|Any CPU
		{B23A80D3-693B-4DE0-9A2D-21F41C5E257F}.Release|Any CPU.Build.0 = Release|Any CPU
		{B23A80D3-693B-4DE0-9A2D-21F41C5E257F}.Release|x64.ActiveCfg = Release|Any CPU
		{B23A80D3-693B-4DE0-9A2D-21F41C5E257F}.Release|x64.Build.0 = Release|Any CPU
		{B23A80D3-693B-4DE0-9A2D-21F41C5E257F}.Release|x86.ActiveCfg = Release|Any CPU
		{B23A80D3-693B-4DE0-9A2D-21F41C5E257F}.Release|x86.Build.0 = Release|Any CPU
	EndGlobalSection
EndGlobal
